
Microsoft Visual Studio Solution File, Format Version 12.00
Project("{FAE04EC0-301F-11D3-BF4B-00C04F79EFBC}") = "Main", "Main/Main.csproj", "{FCAE3C41-FD95-44EC-9E4F-4F3CFB396118}"
EndProject
Project("{FAE04EC0-301F-11D3-BF4B-00C04F79EFBC}") = "Dependency", "Dependency\Dependency.csproj", "{CEEC9E7D-9188-4DA9-8CDC-0AF1FF90ABEB}"
EndProject
Global
	GlobalSection(SolutionConfigurationPlatforms) = preSolution
		Debug|Any CPU = Debug|Any CPU
		Release|Any CPU = Release|Any CPU
	EndGlobalSection
	GlobalSection(ProjectConfigurationPlatforms) = postSolution
		{FCAE3C41-FD95-44EC-9E4F-4F3CFB396118}.Debug|Any CPU.ActiveCfg = Debug|Any CPU
		{FCAE3C41-FD95-44EC-9E4F-4F3CFB396118}.Debug|Any CPU.Build.0 = Debug|Any CPU
		{FCAE3C41-FD95-44EC-9E4F-4F3CFB396118}.Release|Any CPU.ActiveCfg = Release|Any CPU
		{FCAE3C41-FD95-44EC-9E4F-4F3CFB396118}.Release|Any CPU.Build.0 = Release|Any CPU
		{CEEC9E7D-9188-4DA9-8CDC-0AF1FF90ABEB}.Debug|Any CPU.ActiveCfg = Debug|Any CPU
		{CEEC9E7D-9188-4DA9-8CDC-0AF1FF90ABEB}.Debug|Any CPU.Build.0 = Debug|Any CPU
		{CEEC9E7D-9188-4DA9-8CDC-0AF1FF90ABEB}.Release|Any CPU.ActiveCfg = Release|Any CPU
		{CEEC9E7D-9188-4DA9-8CDC-0AF1FF90ABEB}.Release|Any CPU.Build.0 = Release|Any CPU
	EndGlobalSection
EndGlobal
